// !$*UTF8*$!
{
	archiveVersion = 1;
	classes = {
	};
	objectVersion = 50;
	objects = {

/* Begin PBXBuildFile section */
		405FA6CE0B0F2E02ADDBEBB1 /* Pods_QuestLifeUITests.framework in Frameworks */ = {isa = PBXBuildFile; fileRef = 74F9EEDFB1F1BE179D28B947 /* Pods_QuestLifeUITests.framework */; };
		668CD74D20A9E2D20039DD30 /* CreateMainQuestPopupViewController.swift in Sources */ = {isa = PBXBuildFile; fileRef = 668CD74C20A9E2D20039DD30 /* CreateMainQuestPopupViewController.swift */; };
		668CD75020AA30B50039DD30 /* DatePickerPopupViewController.swift in Sources */ = {isa = PBXBuildFile; fileRef = 668CD74F20AA30B50039DD30 /* DatePickerPopupViewController.swift */; };
		6692832320A6372E00BCD525 /* UserModel.swift in Sources */ = {isa = PBXBuildFile; fileRef = 6692832220A6372E00BCD525 /* UserModel.swift */; };
		6692832520A64D5C00BCD525 /* Singleton.swift in Sources */ = {isa = PBXBuildFile; fileRef = 6692832420A64D5C00BCD525 /* Singleton.swift */; };
		6692832720A6515000BCD525 /* MainQuestViewController.swift in Sources */ = {isa = PBXBuildFile; fileRef = 6692832620A6515000BCD525 /* MainQuestViewController.swift */; };
		6692832A20A656C300BCD525 /* RealmService.swift in Sources */ = {isa = PBXBuildFile; fileRef = 6692832920A656C300BCD525 /* RealmService.swift */; };
		6692832C20A658D900BCD525 /* RootViewController.swift in Sources */ = {isa = PBXBuildFile; fileRef = 6692832B20A658D900BCD525 /* RootViewController.swift */; };
		6692832E20A7766200BCD525 /* SideQuestViewController.swift in Sources */ = {isa = PBXBuildFile; fileRef = 6692832D20A7766200BCD525 /* SideQuestViewController.swift */; };
		6692833220A7A55D00BCD525 /* MainNavigationController.swift in Sources */ = {isa = PBXBuildFile; fileRef = 6692833120A7A55D00BCD525 /* MainNavigationController.swift */; };
		6692833420A7F6E500BCD525 /* MainQuestModel.swift in Sources */ = {isa = PBXBuildFile; fileRef = 6692833320A7F6E500BCD525 /* MainQuestModel.swift */; };
		6692833620A7F6F600BCD525 /* SideQuestModel.swift in Sources */ = {isa = PBXBuildFile; fileRef = 6692833520A7F6F600BCD525 /* SideQuestModel.swift */; };
		6692833820A7FC1300BCD525 /* MainQuestCell.swift in Sources */ = {isa = PBXBuildFile; fileRef = 6692833720A7FC1300BCD525 /* MainQuestCell.swift */; };
		6692833A20A7FC2400BCD525 /* SideQuestCell.swift in Sources */ = {isa = PBXBuildFile; fileRef = 6692833920A7FC2400BCD525 /* SideQuestCell.swift */; };
		6692833C20A804C900BCD525 /* Checkbox.swift in Sources */ = {isa = PBXBuildFile; fileRef = 6692833B20A804C900BCD525 /* Checkbox.swift */; };
		6692833E20A930EC00BCD525 /* BossService.swift in Sources */ = {isa = PBXBuildFile; fileRef = 6692833D20A930EC00BCD525 /* BossService.swift */; };
		66A0D1C120A509F600B68543 /* PageViewController.swift in Sources */ = {isa = PBXBuildFile; fileRef = 66A0D1C020A509F600B68543 /* PageViewController.swift */; };
		66A0D1C420A5126600B68543 /* CloisterBlack.ttf in Resources */ = {isa = PBXBuildFile; fileRef = 66A0D1C320A5126500B68543 /* CloisterBlack.ttf */; };
		66A0D1C620A5179C00B68543 /* Rhesmanisa.otf in Resources */ = {isa = PBXBuildFile; fileRef = 66A0D1C520A5179C00B68543 /* Rhesmanisa.otf */; };
		66A0D1C820A5359D00B68543 /* ChooseCharacterViewController.swift in Sources */ = {isa = PBXBuildFile; fileRef = 66A0D1C720A5359D00B68543 /* ChooseCharacterViewController.swift */; };
		66C4226D20B620840055BA94 /* TimePickerPopupViewController.swift in Sources */ = {isa = PBXBuildFile; fileRef = 66C4226C20B620840055BA94 /* TimePickerPopupViewController.swift */; };
		66F509A4209BEB8700579008 /* AppDelegate.swift in Sources */ = {isa = PBXBuildFile; fileRef = 66F509A3209BEB8700579008 /* AppDelegate.swift */; };
		66F509A9209BEB8700579008 /* Main.storyboard in Resources */ = {isa = PBXBuildFile; fileRef = 66F509A7209BEB8700579008 /* Main.storyboard */; };
		66F509AB209BEB8A00579008 /* Assets.xcassets in Resources */ = {isa = PBXBuildFile; fileRef = 66F509AA209BEB8A00579008 /* Assets.xcassets */; };
		66F509AE209BEB8A00579008 /* LaunchScreen.storyboard in Resources */ = {isa = PBXBuildFile; fileRef = 66F509AC209BEB8A00579008 /* LaunchScreen.storyboard */; };
		66F509B9209BEB8A00579008 /* QuestLifeTests.swift in Sources */ = {isa = PBXBuildFile; fileRef = 66F509B8209BEB8A00579008 /* QuestLifeTests.swift */; };
		66F509C4209BEB8A00579008 /* QuestLifeUITests.swift in Sources */ = {isa = PBXBuildFile; fileRef = 66F509C3209BEB8A00579008 /* QuestLifeUITests.swift */; };
		8A9C9D46C680FBD9588A954C /* Pods_QuestLifeTests.framework in Frameworks */ = {isa = PBXBuildFile; fileRef = 3F9287ED3FC18D9B949E8AB1 /* Pods_QuestLifeTests.framework */; };
		A764D69930B0E27C51DAD67C /* Pods_QuestLife.framework in Frameworks */ = {isa = PBXBuildFile; fileRef = 2A975CFE7A9C2022E1A556D1 /* Pods_QuestLife.framework */; };
/* End PBXBuildFile section */

/* Begin PBXContainerItemProxy section */
		66F509B5209BEB8A00579008 /* PBXContainerItemProxy */ = {
			isa = PBXContainerItemProxy;
			containerPortal = 66F50998209BEB8700579008 /* Project object */;
			proxyType = 1;
			remoteGlobalIDString = 66F5099F209BEB8700579008;
			remoteInfo = QuestLife;
		};
		66F509C0209BEB8A00579008 /* PBXContainerItemProxy */ = {
			isa = PBXContainerItemProxy;
			containerPortal = 66F50998209BEB8700579008 /* Project object */;
			proxyType = 1;
			remoteGlobalIDString = 66F5099F209BEB8700579008;
			remoteInfo = QuestLife;
		};
/* End PBXContainerItemProxy section */

/* Begin PBXFileReference section */
		0334CEEF6506072A58564FD2 /* Pods-QuestLifeUITests.release.xcconfig */ = {isa = PBXFileReference; includeInIndex = 1; lastKnownFileType = text.xcconfig; name = "Pods-QuestLifeUITests.release.xcconfig"; path = "Pods/Target Support Files/Pods-QuestLifeUITests/Pods-QuestLifeUITests.release.xcconfig"; sourceTree = "<group>"; };
		1BFF12B3EC74A722BAB91BE9 /* Pods-QuestLife.debug.xcconfig */ = {isa = PBXFileReference; includeInIndex = 1; lastKnownFileType = text.xcconfig; name = "Pods-QuestLife.debug.xcconfig"; path = "Pods/Target Support Files/Pods-QuestLife/Pods-QuestLife.debug.xcconfig"; sourceTree = "<group>"; };
		23AB68712B9A6F8459C4CEFA /* Pods-QuestLife.release.xcconfig */ = {isa = PBXFileReference; includeInIndex = 1; lastKnownFileType = text.xcconfig; name = "Pods-QuestLife.release.xcconfig"; path = "Pods/Target Support Files/Pods-QuestLife/Pods-QuestLife.release.xcconfig"; sourceTree = "<group>"; };
		2A975CFE7A9C2022E1A556D1 /* Pods_QuestLife.framework */ = {isa = PBXFileReference; explicitFileType = wrapper.framework; includeInIndex = 0; path = Pods_QuestLife.framework; sourceTree = BUILT_PRODUCTS_DIR; };
		3F9287ED3FC18D9B949E8AB1 /* Pods_QuestLifeTests.framework */ = {isa = PBXFileReference; explicitFileType = wrapper.framework; includeInIndex = 0; path = Pods_QuestLifeTests.framework; sourceTree = BUILT_PRODUCTS_DIR; };
		4586F24ED8DDA252E1CB68F6 /* Pods-QuestLifeTests.release.xcconfig */ = {isa = PBXFileReference; includeInIndex = 1; lastKnownFileType = text.xcconfig; name = "Pods-QuestLifeTests.release.xcconfig"; path = "Pods/Target Support Files/Pods-QuestLifeTests/Pods-QuestLifeTests.release.xcconfig"; sourceTree = "<group>"; };
		668CD74C20A9E2D20039DD30 /* CreateMainQuestPopupViewController.swift */ = {isa = PBXFileReference; lastKnownFileType = sourcecode.swift; path = CreateMainQuestPopupViewController.swift; sourceTree = "<group>"; };
		668CD74F20AA30B50039DD30 /* DatePickerPopupViewController.swift */ = {isa = PBXFileReference; lastKnownFileType = sourcecode.swift; path = DatePickerPopupViewController.swift; sourceTree = "<group>"; };
		6692832220A6372E00BCD525 /* UserModel.swift */ = {isa = PBXFileReference; lastKnownFileType = sourcecode.swift; path = UserModel.swift; sourceTree = "<group>"; };
		6692832420A64D5C00BCD525 /* Singleton.swift */ = {isa = PBXFileReference; lastKnownFileType = sourcecode.swift; path = Singleton.swift; sourceTree = "<group>"; };
		6692832620A6515000BCD525 /* MainQuestViewController.swift */ = {isa = PBXFileReference; lastKnownFileType = sourcecode.swift; path = MainQuestViewController.swift; sourceTree = "<group>"; };
		6692832920A656C300BCD525 /* RealmService.swift */ = {isa = PBXFileReference; lastKnownFileType = sourcecode.swift; path = RealmService.swift; sourceTree = "<group>"; };
		6692832B20A658D900BCD525 /* RootViewController.swift */ = {isa = PBXFileReference; lastKnownFileType = sourcecode.swift; path = RootViewController.swift; sourceTree = "<group>"; };
		6692832D20A7766200BCD525 /* SideQuestViewController.swift */ = {isa = PBXFileReference; lastKnownFileType = sourcecode.swift; path = SideQuestViewController.swift; sourceTree = "<group>"; };
		6692833120A7A55D00BCD525 /* MainNavigationController.swift */ = {isa = PBXFileReference; lastKnownFileType = sourcecode.swift; path = MainNavigationController.swift; sourceTree = "<group>"; };
		6692833320A7F6E500BCD525 /* MainQuestModel.swift */ = {isa = PBXFileReference; lastKnownFileType = sourcecode.swift; path = MainQuestModel.swift; sourceTree = "<group>"; };
		6692833520A7F6F600BCD525 /* SideQuestModel.swift */ = {isa = PBXFileReference; lastKnownFileType = sourcecode.swift; path = SideQuestModel.swift; sourceTree = "<group>"; };
		6692833720A7FC1300BCD525 /* MainQuestCell.swift */ = {isa = PBXFileReference; lastKnownFileType = sourcecode.swift; path = MainQuestCell.swift; sourceTree = "<group>"; };
		6692833920A7FC2400BCD525 /* SideQuestCell.swift */ = {isa = PBXFileReference; lastKnownFileType = sourcecode.swift; path = SideQuestCell.swift; sourceTree = "<group>"; };
		6692833B20A804C900BCD525 /* Checkbox.swift */ = {isa = PBXFileReference; fileEncoding = 4; lastKnownFileType = sourcecode.swift; path = Checkbox.swift; sourceTree = "<group>"; };
		6692833D20A930EC00BCD525 /* BossService.swift */ = {isa = PBXFileReference; lastKnownFileType = sourcecode.swift; path = BossService.swift; sourceTree = "<group>"; };
		66A0D1C020A509F600B68543 /* PageViewController.swift */ = {isa = PBXFileReference; lastKnownFileType = sourcecode.swift; path = PageViewController.swift; sourceTree = "<group>"; };
		66A0D1C320A5126500B68543 /* CloisterBlack.ttf */ = {isa = PBXFileReference; lastKnownFileType = file; path = CloisterBlack.ttf; sourceTree = "<group>"; };
		66A0D1C520A5179C00B68543 /* Rhesmanisa.otf */ = {isa = PBXFileReference; lastKnownFileType = file; path = Rhesmanisa.otf; sourceTree = "<group>"; };
		66A0D1C720A5359D00B68543 /* ChooseCharacterViewController.swift */ = {isa = PBXFileReference; lastKnownFileType = sourcecode.swift; path = ChooseCharacterViewController.swift; sourceTree = "<group>"; };
		66A0D20320A6127800B68543 /* QuestLife.entitlements */ = {isa = PBXFileReference; lastKnownFileType = text.plist.entitlements; path = QuestLife.entitlements; sourceTree = "<group>"; };
		66C4226C20B620840055BA94 /* TimePickerPopupViewController.swift */ = {isa = PBXFileReference; lastKnownFileType = sourcecode.swift; path = TimePickerPopupViewController.swift; sourceTree = "<group>"; };
		66F509A0209BEB8700579008 /* QuestLife.app */ = {isa = PBXFileReference; explicitFileType = wrapper.application; includeInIndex = 0; path = QuestLife.app; sourceTree = BUILT_PRODUCTS_DIR; };
		66F509A3209BEB8700579008 /* AppDelegate.swift */ = {isa = PBXFileReference; lastKnownFileType = sourcecode.swift; path = AppDelegate.swift; sourceTree = "<group>"; };
		66F509A8209BEB8700579008 /* Base */ = {isa = PBXFileReference; lastKnownFileType = file.storyboard; name = Base; path = Base.lproj/Main.storyboard; sourceTree = "<group>"; };
		66F509AA209BEB8A00579008 /* Assets.xcassets */ = {isa = PBXFileReference; lastKnownFileType = folder.assetcatalog; path = Assets.xcassets; sourceTree = "<group>"; };
		66F509AD209BEB8A00579008 /* Base */ = {isa = PBXFileReference; lastKnownFileType = file.storyboard; name = Base; path = Base.lproj/LaunchScreen.storyboard; sourceTree = "<group>"; };
		66F509AF209BEB8A00579008 /* Info.plist */ = {isa = PBXFileReference; lastKnownFileType = text.plist.xml; path = Info.plist; sourceTree = "<group>"; };
		66F509B4209BEB8A00579008 /* QuestLifeTests.xctest */ = {isa = PBXFileReference; explicitFileType = wrapper.cfbundle; includeInIndex = 0; path = QuestLifeTests.xctest; sourceTree = BUILT_PRODUCTS_DIR; };
		66F509B8209BEB8A00579008 /* QuestLifeTests.swift */ = {isa = PBXFileReference; lastKnownFileType = sourcecode.swift; path = QuestLifeTests.swift; sourceTree = "<group>"; };
		66F509BA209BEB8A00579008 /* Info.plist */ = {isa = PBXFileReference; lastKnownFileType = text.plist.xml; path = Info.plist; sourceTree = "<group>"; };
		66F509BF209BEB8A00579008 /* QuestLifeUITests.xctest */ = {isa = PBXFileReference; explicitFileType = wrapper.cfbundle; includeInIndex = 0; path = QuestLifeUITests.xctest; sourceTree = BUILT_PRODUCTS_DIR; };
		66F509C3209BEB8A00579008 /* QuestLifeUITests.swift */ = {isa = PBXFileReference; lastKnownFileType = sourcecode.swift; path = QuestLifeUITests.swift; sourceTree = "<group>"; };
		66F509C5209BEB8A00579008 /* Info.plist */ = {isa = PBXFileReference; lastKnownFileType = text.plist.xml; path = Info.plist; sourceTree = "<group>"; };
		74F9EEDFB1F1BE179D28B947 /* Pods_QuestLifeUITests.framework */ = {isa = PBXFileReference; explicitFileType = wrapper.framework; includeInIndex = 0; path = Pods_QuestLifeUITests.framework; sourceTree = BUILT_PRODUCTS_DIR; };
		A0750FE31821BA1DA1AA879E /* Pods-QuestLifeUITests.debug.xcconfig */ = {isa = PBXFileReference; includeInIndex = 1; lastKnownFileType = text.xcconfig; name = "Pods-QuestLifeUITests.debug.xcconfig"; path = "Pods/Target Support Files/Pods-QuestLifeUITests/Pods-QuestLifeUITests.debug.xcconfig"; sourceTree = "<group>"; };
		B231A3AECBA140BCCFACEBC7 /* Pods-QuestLifeTests.debug.xcconfig */ = {isa = PBXFileReference; includeInIndex = 1; lastKnownFileType = text.xcconfig; name = "Pods-QuestLifeTests.debug.xcconfig"; path = "Pods/Target Support Files/Pods-QuestLifeTests/Pods-QuestLifeTests.debug.xcconfig"; sourceTree = "<group>"; };
/* End PBXFileReference section */

/* Begin PBXFrameworksBuildPhase section */
		66F5099D209BEB8700579008 /* Frameworks */ = {
			isa = PBXFrameworksBuildPhase;
			buildActionMask = 2147483647;
			files = (
				A764D69930B0E27C51DAD67C /* Pods_QuestLife.framework in Frameworks */,
			);
			runOnlyForDeploymentPostprocessing = 0;
		};
		66F509B1209BEB8A00579008 /* Frameworks */ = {
			isa = PBXFrameworksBuildPhase;
			buildActionMask = 2147483647;
			files = (
				8A9C9D46C680FBD9588A954C /* Pods_QuestLifeTests.framework in Frameworks */,
			);
			runOnlyForDeploymentPostprocessing = 0;
		};
		66F509BC209BEB8A00579008 /* Frameworks */ = {
			isa = PBXFrameworksBuildPhase;
			buildActionMask = 2147483647;
			files = (
				405FA6CE0B0F2E02ADDBEBB1 /* Pods_QuestLifeUITests.framework in Frameworks */,
			);
			runOnlyForDeploymentPostprocessing = 0;
		};
/* End PBXFrameworksBuildPhase section */

/* Begin PBXGroup section */
		0ED82082262943260EF1F981 /* Frameworks */ = {
			isa = PBXGroup;
			children = (
				2A975CFE7A9C2022E1A556D1 /* Pods_QuestLife.framework */,
				3F9287ED3FC18D9B949E8AB1 /* Pods_QuestLifeTests.framework */,
				74F9EEDFB1F1BE179D28B947 /* Pods_QuestLifeUITests.framework */,
			);
			name = Frameworks;
			sourceTree = "<group>";
		};
		660FF3E020B0D2E90011DD7A /* LoginControllers */ = {
			isa = PBXGroup;
			children = (
				6692832B20A658D900BCD525 /* RootViewController.swift */,
				66A0D1C020A509F600B68543 /* PageViewController.swift */,
				6692833120A7A55D00BCD525 /* MainNavigationController.swift */,
				66A0D1C720A5359D00B68543 /* ChooseCharacterViewController.swift */,
			);
			path = LoginControllers;
			sourceTree = "<group>";
		};
		663E246320A4EFF80050AA11 /* ViewControllers */ = {
			isa = PBXGroup;
			children = (
				668CD74E20AA04B80039DD30 /* QuestViewControllers */,
				668CD74920A9E2990039DD30 /* Popup View Controllers */,
				660FF3E020B0D2E90011DD7A /* LoginControllers */,
			);
			path = ViewControllers;
			sourceTree = "<group>";
		};
		663E246420A4F0080050AA11 /* CustomCells */ = {
			isa = PBXGroup;
			children = (
				6692833720A7FC1300BCD525 /* MainQuestCell.swift */,
				6692833920A7FC2400BCD525 /* SideQuestCell.swift */,
			);
			path = CustomCells;
			sourceTree = "<group>";
		};
		663E246520A4F0280050AA11 /* Models */ = {
			isa = PBXGroup;
			children = (
				6692832220A6372E00BCD525 /* UserModel.swift */,
				6692833320A7F6E500BCD525 /* MainQuestModel.swift */,
				6692833520A7F6F600BCD525 /* SideQuestModel.swift */,
			);
			path = Models;
			sourceTree = "<group>";
		};
		668CD74920A9E2990039DD30 /* Popup View Controllers */ = {
			isa = PBXGroup;
			children = (
				668CD74C20A9E2D20039DD30 /* CreateMainQuestPopupViewController.swift */,
				668CD74F20AA30B50039DD30 /* DatePickerPopupViewController.swift */,
				66C4226C20B620840055BA94 /* TimePickerPopupViewController.swift */,
			);
			path = "Popup View Controllers";
			sourceTree = "<group>";
		};
		668CD74E20AA04B80039DD30 /* QuestViewControllers */ = {
			isa = PBXGroup;
			children = (
				6692832620A6515000BCD525 /* MainQuestViewController.swift */,
				6692832D20A7766200BCD525 /* SideQuestViewController.swift */,
			);
			path = QuestViewControllers;
			sourceTree = "<group>";
		};
		6692832820A656A000BCD525 /* Services */ = {
			isa = PBXGroup;
			children = (
				6692832920A656C300BCD525 /* RealmService.swift */,
				6692833D20A930EC00BCD525 /* BossService.swift */,
			);
			path = Services;
			sourceTree = "<group>";
		};
		66A0D1C220A5124700B68543 /* Fonts */ = {
			isa = PBXGroup;
			children = (
				66A0D1C520A5179C00B68543 /* Rhesmanisa.otf */,
				66A0D1C320A5126500B68543 /* CloisterBlack.ttf */,
			);
			path = Fonts;
			sourceTree = "<group>";
		};
		66F50997209BEB8700579008 = {
			isa = PBXGroup;
			children = (
				66F509A2209BEB8700579008 /* QuestLife */,
				66F509B7209BEB8A00579008 /* QuestLifeTests */,
				66F509C2209BEB8A00579008 /* QuestLifeUITests */,
				66F509A1209BEB8700579008 /* Products */,
				EEF3B23C9E3FA6E649341068 /* Pods */,
				0ED82082262943260EF1F981 /* Frameworks */,
			);
			sourceTree = "<group>";
		};
		66F509A1209BEB8700579008 /* Products */ = {
			isa = PBXGroup;
			children = (
				66F509A0209BEB8700579008 /* QuestLife.app */,
				66F509B4209BEB8A00579008 /* QuestLifeTests.xctest */,
				66F509BF209BEB8A00579008 /* QuestLifeUITests.xctest */,
			);
			name = Products;
			sourceTree = "<group>";
		};
		66F509A2209BEB8700579008 /* QuestLife */ = {
			isa = PBXGroup;
			children = (
				66A0D20320A6127800B68543 /* QuestLife.entitlements */,
				66F509A7209BEB8700579008 /* Main.storyboard */,
				66F509AA209BEB8A00579008 /* Assets.xcassets */,
				663E246320A4EFF80050AA11 /* ViewControllers */,
				663E246520A4F0280050AA11 /* Models */,
				663E246420A4F0080050AA11 /* CustomCells */,
				6692832820A656A000BCD525 /* Services */,
				66A0D1C220A5124700B68543 /* Fonts */,
				66F509A3209BEB8700579008 /* AppDelegate.swift */,
				66F509AC209BEB8A00579008 /* LaunchScreen.storyboard */,
				66F509AF209BEB8A00579008 /* Info.plist */,
				6692832420A64D5C00BCD525 /* Singleton.swift */,
				6692833B20A804C900BCD525 /* Checkbox.swift */,
			);
			path = QuestLife;
			sourceTree = "<group>";
		};
		66F509B7209BEB8A00579008 /* QuestLifeTests */ = {
			isa = PBXGroup;
			children = (
				66F509B8209BEB8A00579008 /* QuestLifeTests.swift */,
				66F509BA209BEB8A00579008 /* Info.plist */,
			);
			path = QuestLifeTests;
			sourceTree = "<group>";
		};
		66F509C2209BEB8A00579008 /* QuestLifeUITests */ = {
			isa = PBXGroup;
			children = (
				66F509C3209BEB8A00579008 /* QuestLifeUITests.swift */,
				66F509C5209BEB8A00579008 /* Info.plist */,
			);
			path = QuestLifeUITests;
			sourceTree = "<group>";
		};
		EEF3B23C9E3FA6E649341068 /* Pods */ = {
			isa = PBXGroup;
			children = (
				1BFF12B3EC74A722BAB91BE9 /* Pods-QuestLife.debug.xcconfig */,
				23AB68712B9A6F8459C4CEFA /* Pods-QuestLife.release.xcconfig */,
				B231A3AECBA140BCCFACEBC7 /* Pods-QuestLifeTests.debug.xcconfig */,
				4586F24ED8DDA252E1CB68F6 /* Pods-QuestLifeTests.release.xcconfig */,
				A0750FE31821BA1DA1AA879E /* Pods-QuestLifeUITests.debug.xcconfig */,
				0334CEEF6506072A58564FD2 /* Pods-QuestLifeUITests.release.xcconfig */,
			);
			name = Pods;
			sourceTree = "<group>";
		};
/* End PBXGroup section */

/* Begin PBXNativeTarget section */
		66F5099F209BEB8700579008 /* QuestLife */ = {
			isa = PBXNativeTarget;
			buildConfigurationList = 66F509C8209BEB8A00579008 /* Build configuration list for PBXNativeTarget "QuestLife" */;
			buildPhases = (
				C1857DC0EA59BBBD58D8BA8F /* [CP] Check Pods Manifest.lock */,
				66F5099C209BEB8700579008 /* Sources */,
				66F5099D209BEB8700579008 /* Frameworks */,
				66F5099E209BEB8700579008 /* Resources */,
				E72CD4695341C2201188711D /* [CP] Embed Pods Frameworks */,
			);
			buildRules = (
			);
			dependencies = (
			);
			name = QuestLife;
			productName = QuestLife;
			productReference = 66F509A0209BEB8700579008 /* QuestLife.app */;
			productType = "com.apple.product-type.application";
		};
		66F509B3209BEB8A00579008 /* QuestLifeTests */ = {
			isa = PBXNativeTarget;
			buildConfigurationList = 66F509CB209BEB8A00579008 /* Build configuration list for PBXNativeTarget "QuestLifeTests" */;
			buildPhases = (
				6D9B27BF5A43F4C57BC845E9 /* [CP] Check Pods Manifest.lock */,
				66F509B0209BEB8A00579008 /* Sources */,
				66F509B1209BEB8A00579008 /* Frameworks */,
				66F509B2209BEB8A00579008 /* Resources */,
			);
			buildRules = (
			);
			dependencies = (
				66F509B6209BEB8A00579008 /* PBXTargetDependency */,
			);
			name = QuestLifeTests;
			productName = QuestLifeTests;
			productReference = 66F509B4209BEB8A00579008 /* QuestLifeTests.xctest */;
			productType = "com.apple.product-type.bundle.unit-test";
		};
		66F509BE209BEB8A00579008 /* QuestLifeUITests */ = {
			isa = PBXNativeTarget;
			buildConfigurationList = 66F509CE209BEB8A00579008 /* Build configuration list for PBXNativeTarget "QuestLifeUITests" */;
			buildPhases = (
				AE2CBBB6AB3302B0245D9A0F /* [CP] Check Pods Manifest.lock */,
				66F509BB209BEB8A00579008 /* Sources */,
				66F509BC209BEB8A00579008 /* Frameworks */,
				66F509BD209BEB8A00579008 /* Resources */,
			);
			buildRules = (
			);
			dependencies = (
				66F509C1209BEB8A00579008 /* PBXTargetDependency */,
			);
			name = QuestLifeUITests;
			productName = QuestLifeUITests;
			productReference = 66F509BF209BEB8A00579008 /* QuestLifeUITests.xctest */;
			productType = "com.apple.product-type.bundle.ui-testing";
		};
/* End PBXNativeTarget section */

/* Begin PBXProject section */
		66F50998209BEB8700579008 /* Project object */ = {
			isa = PBXProject;
			attributes = {
				LastSwiftUpdateCheck = 0930;
				LastUpgradeCheck = 0930;
				ORGANIZATIONNAME = "Justin Stanger";
				TargetAttributes = {
					66F5099F209BEB8700579008 = {
						CreatedOnToolsVersion = 9.3;
						SystemCapabilities = {
							com.apple.Keychain = {
								enabled = 0;
							};
						};
					};
					66F509B3209BEB8A00579008 = {
						CreatedOnToolsVersion = 9.3;
						TestTargetID = 66F5099F209BEB8700579008;
					};
					66F509BE209BEB8A00579008 = {
						CreatedOnToolsVersion = 9.3;
						TestTargetID = 66F5099F209BEB8700579008;
					};
				};
			};
			buildConfigurationList = 66F5099B209BEB8700579008 /* Build configuration list for PBXProject "QuestLife" */;
			compatibilityVersion = "Xcode 9.3";
			developmentRegion = en;
			hasScannedForEncodings = 0;
			knownRegions = (
				en,
				Base,
			);
			mainGroup = 66F50997209BEB8700579008;
			productRefGroup = 66F509A1209BEB8700579008 /* Products */;
			projectDirPath = "";
			projectRoot = "";
			targets = (
				66F5099F209BEB8700579008 /* QuestLife */,
				66F509B3209BEB8A00579008 /* QuestLifeTests */,
				66F509BE209BEB8A00579008 /* QuestLifeUITests */,
			);
		};
/* End PBXProject section */

/* Begin PBXResourcesBuildPhase section */
		66F5099E209BEB8700579008 /* Resources */ = {
			isa = PBXResourcesBuildPhase;
			buildActionMask = 2147483647;
			files = (
				66F509AE209BEB8A00579008 /* LaunchScreen.storyboard in Resources */,
				66F509AB209BEB8A00579008 /* Assets.xcassets in Resources */,
				66F509A9209BEB8700579008 /* Main.storyboard in Resources */,
				66A0D1C620A5179C00B68543 /* Rhesmanisa.otf in Resources */,
				66A0D1C420A5126600B68543 /* CloisterBlack.ttf in Resources */,
			);
			runOnlyForDeploymentPostprocessing = 0;
		};
		66F509B2209BEB8A00579008 /* Resources */ = {
			isa = PBXResourcesBuildPhase;
			buildActionMask = 2147483647;
			files = (
			);
			runOnlyForDeploymentPostprocessing = 0;
		};
		66F509BD209BEB8A00579008 /* Resources */ = {
			isa = PBXResourcesBuildPhase;
			buildActionMask = 2147483647;
			files = (
			);
			runOnlyForDeploymentPostprocessing = 0;
		};
/* End PBXResourcesBuildPhase section */

/* Begin PBXShellScriptBuildPhase section */
		6D9B27BF5A43F4C57BC845E9 /* [CP] Check Pods Manifest.lock */ = {
			isa = PBXShellScriptBuildPhase;
			buildActionMask = 2147483647;
			files = (
			);
			inputPaths = (
				"${PODS_PODFILE_DIR_PATH}/Podfile.lock",
				"${PODS_ROOT}/Manifest.lock",
			);
			name = "[CP] Check Pods Manifest.lock";
			outputPaths = (
				"$(DERIVED_FILE_DIR)/Pods-QuestLifeTests-checkManifestLockResult.txt",
			);
			runOnlyForDeploymentPostprocessing = 0;
			shellPath = /bin/sh;
			shellScript = "diff \"${PODS_PODFILE_DIR_PATH}/Podfile.lock\" \"${PODS_ROOT}/Manifest.lock\" > /dev/null\nif [ $? != 0 ] ; then\n    # print error to STDERR\n    echo \"error: The sandbox is not in sync with the Podfile.lock. Run 'pod install' or update your CocoaPods installation.\" >&2\n    exit 1\nfi\n# This output is used by Xcode 'outputs' to avoid re-running this script phase.\necho \"SUCCESS\" > \"${SCRIPT_OUTPUT_FILE_0}\"\n";
			showEnvVarsInLog = 0;
		};
		AE2CBBB6AB3302B0245D9A0F /* [CP] Check Pods Manifest.lock */ = {
			isa = PBXShellScriptBuildPhase;
			buildActionMask = 2147483647;
			files = (
			);
			inputPaths = (
				"${PODS_PODFILE_DIR_PATH}/Podfile.lock",
				"${PODS_ROOT}/Manifest.lock",
			);
			name = "[CP] Check Pods Manifest.lock";
			outputPaths = (
				"$(DERIVED_FILE_DIR)/Pods-QuestLifeUITests-checkManifestLockResult.txt",
			);
			runOnlyForDeploymentPostprocessing = 0;
			shellPath = /bin/sh;
			shellScript = "diff \"${PODS_PODFILE_DIR_PATH}/Podfile.lock\" \"${PODS_ROOT}/Manifest.lock\" > /dev/null\nif [ $? != 0 ] ; then\n    # print error to STDERR\n    echo \"error: The sandbox is not in sync with the Podfile.lock. Run 'pod install' or update your CocoaPods installation.\" >&2\n    exit 1\nfi\n# This output is used by Xcode 'outputs' to avoid re-running this script phase.\necho \"SUCCESS\" > \"${SCRIPT_OUTPUT_FILE_0}\"\n";
			showEnvVarsInLog = 0;
		};
		C1857DC0EA59BBBD58D8BA8F /* [CP] Check Pods Manifest.lock */ = {
			isa = PBXShellScriptBuildPhase;
			buildActionMask = 2147483647;
			files = (
			);
			inputPaths = (
				"${PODS_PODFILE_DIR_PATH}/Podfile.lock",
				"${PODS_ROOT}/Manifest.lock",
			);
			name = "[CP] Check Pods Manifest.lock";
			outputPaths = (
				"$(DERIVED_FILE_DIR)/Pods-QuestLife-checkManifestLockResult.txt",
			);
			runOnlyForDeploymentPostprocessing = 0;
			shellPath = /bin/sh;
			shellScript = "diff \"${PODS_PODFILE_DIR_PATH}/Podfile.lock\" \"${PODS_ROOT}/Manifest.lock\" > /dev/null\nif [ $? != 0 ] ; then\n    # print error to STDERR\n    echo \"error: The sandbox is not in sync with the Podfile.lock. Run 'pod install' or update your CocoaPods installation.\" >&2\n    exit 1\nfi\n# This output is used by Xcode 'outputs' to avoid re-running this script phase.\necho \"SUCCESS\" > \"${SCRIPT_OUTPUT_FILE_0}\"\n";
			showEnvVarsInLog = 0;
		};
		E72CD4695341C2201188711D /* [CP] Embed Pods Frameworks */ = {
			isa = PBXShellScriptBuildPhase;
			buildActionMask = 2147483647;
			files = (
			);
			inputPaths = (
				"${SRCROOT}/Pods/Target Support Files/Pods-QuestLife/Pods-QuestLife-frameworks.sh",
				"${BUILT_PRODUCTS_DIR}/FSCalendar/FSCalendar.framework",
				"${BUILT_PRODUCTS_DIR}/Realm/Realm.framework",
				"${BUILT_PRODUCTS_DIR}/RealmSwift/RealmSwift.framework",
			);
			name = "[CP] Embed Pods Frameworks";
			outputPaths = (
				"${TARGET_BUILD_DIR}/${FRAMEWORKS_FOLDER_PATH}/FSCalendar.framework",
				"${TARGET_BUILD_DIR}/${FRAMEWORKS_FOLDER_PATH}/Realm.framework",
				"${TARGET_BUILD_DIR}/${FRAMEWORKS_FOLDER_PATH}/RealmSwift.framework",
			);
			runOnlyForDeploymentPostprocessing = 0;
			shellPath = /bin/sh;
			shellScript = "\"${SRCROOT}/Pods/Target Support Files/Pods-QuestLife/Pods-QuestLife-frameworks.sh\"\n";
			showEnvVarsInLog = 0;
		};
/* End PBXShellScriptBuildPhase section */

/* Begin PBXSourcesBuildPhase section */
		66F5099C209BEB8700579008 /* Sources */ = {
			isa = PBXSourcesBuildPhase;
			buildActionMask = 2147483647;
			files = (
				6692833220A7A55D00BCD525 /* MainNavigationController.swift in Sources */,
				6692833420A7F6E500BCD525 /* MainQuestModel.swift in Sources */,
				66A0D1C820A5359D00B68543 /* ChooseCharacterViewController.swift in Sources */,
				66F509A4209BEB8700579008 /* AppDelegate.swift in Sources */,
				6692833E20A930EC00BCD525 /* BossService.swift in Sources */,
				6692832A20A656C300BCD525 /* RealmService.swift in Sources */,
				6692832E20A7766200BCD525 /* SideQuestViewController.swift in Sources */,
				668CD75020AA30B50039DD30 /* DatePickerPopupViewController.swift in Sources */,
				6692832720A6515000BCD525 /* MainQuestViewController.swift in Sources */,
				6692833A20A7FC2400BCD525 /* SideQuestCell.swift in Sources */,
				668CD74D20A9E2D20039DD30 /* CreateMainQuestPopupViewController.swift in Sources */,
				6692832320A6372E00BCD525 /* UserModel.swift in Sources */,
				6692832520A64D5C00BCD525 /* Singleton.swift in Sources */,
				66C4226D20B620840055BA94 /* TimePickerPopupViewController.swift in Sources */,
				6692832C20A658D900BCD525 /* RootViewController.swift in Sources */,
				66A0D1C120A509F600B68543 /* PageViewController.swift in Sources */,
				6692833620A7F6F600BCD525 /* SideQuestModel.swift in Sources */,
				6692833820A7FC1300BCD525 /* MainQuestCell.swift in Sources */,
				6692833C20A804C900BCD525 /* Checkbox.swift in Sources */,
			);
			runOnlyForDeploymentPostprocessing = 0;
		};
		66F509B0209BEB8A00579008 /* Sources */ = {
			isa = PBXSourcesBuildPhase;
			buildActionMask = 2147483647;
			files = (
				66F509B9209BEB8A00579008 /* QuestLifeTests.swift in Sources */,
			);
			runOnlyForDeploymentPostprocessing = 0;
		};
		66F509BB209BEB8A00579008 /* Sources */ = {
			isa = PBXSourcesBuildPhase;
			buildActionMask = 2147483647;
			files = (
				66F509C4209BEB8A00579008 /* QuestLifeUITests.swift in Sources */,
			);
			runOnlyForDeploymentPostprocessing = 0;
		};
/* End PBXSourcesBuildPhase section */

/* Begin PBXTargetDependency section */
		66F509B6209BEB8A00579008 /* PBXTargetDependency */ = {
			isa = PBXTargetDependency;
			target = 66F5099F209BEB8700579008 /* QuestLife */;
			targetProxy = 66F509B5209BEB8A00579008 /* PBXContainerItemProxy */;
		};
		66F509C1209BEB8A00579008 /* PBXTargetDependency */ = {
			isa = PBXTargetDependency;
			target = 66F5099F209BEB8700579008 /* QuestLife */;
			targetProxy = 66F509C0209BEB8A00579008 /* PBXContainerItemProxy */;
		};
/* End PBXTargetDependency section */

/* Begin PBXVariantGroup section */
		66F509A7209BEB8700579008 /* Main.storyboard */ = {
			isa = PBXVariantGroup;
			children = (
				66F509A8209BEB8700579008 /* Base */,
			);
			name = Main.storyboard;
			sourceTree = "<group>";
		};
		66F509AC209BEB8A00579008 /* LaunchScreen.storyboard */ = {
			isa = PBXVariantGroup;
			children = (
				66F509AD209BEB8A00579008 /* Base */,
			);
			name = LaunchScreen.storyboard;
			sourceTree = "<group>";
		};
/* End PBXVariantGroup section */

/* Begin XCBuildConfiguration section */
		66F509C6209BEB8A00579008 /* Debug */ = {
			isa = XCBuildConfiguration;
			buildSettings = {
				ALWAYS_SEARCH_USER_PATHS = NO;
				CLANG_ANALYZER_NONNULL = YES;
				CLANG_ANALYZER_NUMBER_OBJECT_CONVERSION = YES_AGGRESSIVE;
				CLANG_CXX_LANGUAGE_STANDARD = "gnu++14";
				CLANG_CXX_LIBRARY = "libc++";
				CLANG_ENABLE_MODULES = YES;
				CLANG_ENABLE_OBJC_ARC = YES;
				CLANG_ENABLE_OBJC_WEAK = YES;
				CLANG_WARN_BLOCK_CAPTURE_AUTORELEASING = YES;
				CLANG_WARN_BOOL_CONVERSION = YES;
				CLANG_WARN_COMMA = YES;
				CLANG_WARN_CONSTANT_CONVERSION = YES;
				CLANG_WARN_DEPRECATED_OBJC_IMPLEMENTATIONS = YES;
				CLANG_WARN_DIRECT_OBJC_ISA_USAGE = YES_ERROR;
				CLANG_WARN_DOCUMENTATION_COMMENTS = YES;
				CLANG_WARN_EMPTY_BODY = YES;
				CLANG_WARN_ENUM_CONVERSION = YES;
				CLANG_WARN_INFINITE_RECURSION = YES;
				CLANG_WARN_INT_CONVERSION = YES;
				CLANG_WARN_NON_LITERAL_NULL_CONVERSION = YES;
				CLANG_WARN_OBJC_IMPLICIT_RETAIN_SELF = YES;
				CLANG_WARN_OBJC_LITERAL_CONVERSION = YES;
				CLANG_WARN_OBJC_ROOT_CLASS = YES_ERROR;
				CLANG_WARN_RANGE_LOOP_ANALYSIS = YES;
				CLANG_WARN_STRICT_PROTOTYPES = YES;
				CLANG_WARN_SUSPICIOUS_MOVE = YES;
				CLANG_WARN_UNGUARDED_AVAILABILITY = YES_AGGRESSIVE;
				CLANG_WARN_UNREACHABLE_CODE = YES;
				CLANG_WARN__DUPLICATE_METHOD_MATCH = YES;
				CODE_SIGN_IDENTITY = "iPhone Developer";
				COPY_PHASE_STRIP = NO;
				DEBUG_INFORMATION_FORMAT = dwarf;
				ENABLE_STRICT_OBJC_MSGSEND = YES;
				ENABLE_TESTABILITY = YES;
				GCC_C_LANGUAGE_STANDARD = gnu11;
				GCC_DYNAMIC_NO_PIC = NO;
				GCC_NO_COMMON_BLOCKS = YES;
				GCC_OPTIMIZATION_LEVEL = 0;
				GCC_PREPROCESSOR_DEFINITIONS = (
					"DEBUG=1",
					"$(inherited)",
				);
				GCC_WARN_64_TO_32_BIT_CONVERSION = YES;
				GCC_WARN_ABOUT_RETURN_TYPE = YES_ERROR;
				GCC_WARN_UNDECLARED_SELECTOR = YES;
				GCC_WARN_UNINITIALIZED_AUTOS = YES_AGGRESSIVE;
				GCC_WARN_UNUSED_FUNCTION = YES;
				GCC_WARN_UNUSED_VARIABLE = YES;
				IPHONEOS_DEPLOYMENT_TARGET = 11.3;
				MTL_ENABLE_DEBUG_INFO = YES;
				ONLY_ACTIVE_ARCH = YES;
				SDKROOT = iphoneos;
				SWIFT_ACTIVE_COMPILATION_CONDITIONS = DEBUG;
				SWIFT_OPTIMIZATION_LEVEL = "-Onone";
			};
			name = Debug;
		};
		66F509C7209BEB8A00579008 /* Release */ = {
			isa = XCBuildConfiguration;
			buildSettings = {
				ALWAYS_SEARCH_USER_PATHS = NO;
				CLANG_ANALYZER_NONNULL = YES;
				CLANG_ANALYZER_NUMBER_OBJECT_CONVERSION = YES_AGGRESSIVE;
				CLANG_CXX_LANGUAGE_STANDARD = "gnu++14";
				CLANG_CXX_LIBRARY = "libc++";
				CLANG_ENABLE_MODULES = YES;
				CLANG_ENABLE_OBJC_ARC = YES;
				CLANG_ENABLE_OBJC_WEAK = YES;
				CLANG_WARN_BLOCK_CAPTURE_AUTORELEASING = YES;
				CLANG_WARN_BOOL_CONVERSION = YES;
				CLANG_WARN_COMMA = YES;
				CLANG_WARN_CONSTANT_CONVERSION = YES;
				CLANG_WARN_DEPRECATED_OBJC_IMPLEMENTATIONS = YES;
				CLANG_WARN_DIRECT_OBJC_ISA_USAGE = YES_ERROR;
				CLANG_WARN_DOCUMENTATION_COMMENTS = YES;
				CLANG_WARN_EMPTY_BODY = YES;
				CLANG_WARN_ENUM_CONVERSION = YES;
				CLANG_WARN_INFINITE_RECURSION = YES;
				CLANG_WARN_INT_CONVERSION = YES;
				CLANG_WARN_NON_LITERAL_NULL_CONVERSION = YES;
				CLANG_WARN_OBJC_IMPLICIT_RETAIN_SELF = YES;
				CLANG_WARN_OBJC_LITERAL_CONVERSION = YES;
				CLANG_WARN_OBJC_ROOT_CLASS = YES_ERROR;
				CLANG_WARN_RANGE_LOOP_ANALYSIS = YES;
				CLANG_WARN_STRICT_PROTOTYPES = YES;
				CLANG_WARN_SUSPICIOUS_MOVE = YES;
				CLANG_WARN_UNGUARDED_AVAILABILITY = YES_AGGRESSIVE;
				CLANG_WARN_UNREACHABLE_CODE = YES;
				CLANG_WARN__DUPLICATE_METHOD_MATCH = YES;
				CODE_SIGN_IDENTITY = "iPhone Developer";
				COPY_PHASE_STRIP = NO;
				DEBUG_INFORMATION_FORMAT = "dwarf-with-dsym";
				ENABLE_NS_ASSERTIONS = NO;
				ENABLE_STRICT_OBJC_MSGSEND = YES;
				GCC_C_LANGUAGE_STANDARD = gnu11;
				GCC_NO_COMMON_BLOCKS = YES;
				GCC_WARN_64_TO_32_BIT_CONVERSION = YES;
				GCC_WARN_ABOUT_RETURN_TYPE = YES_ERROR;
				GCC_WARN_UNDECLARED_SELECTOR = YES;
				GCC_WARN_UNINITIALIZED_AUTOS = YES_AGGRESSIVE;
				GCC_WARN_UNUSED_FUNCTION = YES;
				GCC_WARN_UNUSED_VARIABLE = YES;
				IPHONEOS_DEPLOYMENT_TARGET = 11.3;
				MTL_ENABLE_DEBUG_INFO = NO;
				SDKROOT = iphoneos;
				SWIFT_COMPILATION_MODE = wholemodule;
				SWIFT_OPTIMIZATION_LEVEL = "-O";
				VALIDATE_PRODUCT = YES;
			};
			name = Release;
		};
		66F509C9209BEB8A00579008 /* Debug */ = {
			isa = XCBuildConfiguration;
			baseConfigurationReference = 1BFF12B3EC74A722BAB91BE9 /* Pods-QuestLife.debug.xcconfig */;
			buildSettings = {
				ASSETCATALOG_COMPILER_APPICON_NAME = AppIcon;
				CODE_SIGN_STYLE = Automatic;
				DEVELOPMENT_TEAM = SVHZ5AR89V;
				INFOPLIST_FILE = QuestLife/Info.plist;
				LD_RUNPATH_SEARCH_PATHS = (
					"$(inherited)",
					"@executable_path/Frameworks",
				);
				PRODUCT_BUNDLE_IDENTIFIER = com.JustinStanger.QuestLife;
				PRODUCT_NAME = "$(TARGET_NAME)";
				SWIFT_VERSION = 4.0;
				TARGETED_DEVICE_FAMILY = "1,2";
			};
			name = Debug;
		};
		66F509CA209BEB8A00579008 /* Release */ = {
			isa = XCBuildConfiguration;
			baseConfigurationReference = 23AB68712B9A6F8459C4CEFA /* Pods-QuestLife.release.xcconfig */;
			buildSettings = {
				ASSETCATALOG_COMPILER_APPICON_NAME = AppIcon;
				CODE_SIGN_STYLE = Automatic;
				DEVELOPMENT_TEAM = SVHZ5AR89V;
				INFOPLIST_FILE = QuestLife/Info.plist;
				LD_RUNPATH_SEARCH_PATHS = (
					"$(inherited)",
					"@executable_path/Frameworks",
				);
				PRODUCT_BUNDLE_IDENTIFIER = com.JustinStanger.QuestLife;
				PRODUCT_NAME = "$(TARGET_NAME)";
				SWIFT_VERSION = 4.0;
				TARGETED_DEVICE_FAMILY = "1,2";
			};
			name = Release;
		};
		66F509CC209BEB8A00579008 /* Debug */ = {
			isa = XCBuildConfiguration;
			baseConfigurationReference = B231A3AECBA140BCCFACEBC7 /* Pods-QuestLifeTests.debug.xcconfig */;
			buildSettings = {
				ALWAYS_EMBED_SWIFT_STANDARD_LIBRARIES = YES;
				BUNDLE_LOADER = "$(TEST_HOST)";
				CODE_SIGN_STYLE = Automatic;
				DEVELOPMENT_TEAM = SVHZ5AR89V;
				INFOPLIST_FILE = QuestLifeTests/Info.plist;
				LD_RUNPATH_SEARCH_PATHS = (
					"$(inherited)",
					"@executable_path/Frameworks",
					"@loader_path/Frameworks",
				);
				PRODUCT_BUNDLE_IDENTIFIER = com.JustinStanger.QuestLifeTests;
				PRODUCT_NAME = "$(TARGET_NAME)";
				SWIFT_VERSION = 4.0;
				TARGETED_DEVICE_FAMILY = "1,2";
				TEST_HOST = "$(BUILT_PRODUCTS_DIR)/QuestLife.app/QuestLife";
			};
			name = Debug;
		};
		66F509CD209BEB8A00579008 /* Release */ = {
			isa = XCBuildConfiguration;
			baseConfigurationReference = 4586F24ED8DDA252E1CB68F6 /* Pods-QuestLifeTests.release.xcconfig */;
			buildSettings = {
				ALWAYS_EMBED_SWIFT_STANDARD_LIBRARIES = YES;
				BUNDLE_LOADER = "$(TEST_HOST)";
				CODE_SIGN_STYLE = Automatic;
				DEVELOPMENT_TEAM = SVHZ5AR89V;
				INFOPLIST_FILE = QuestLifeTests/Info.plist;
				LD_RUNPATH_SEARCH_PATHS = (
					"$(inherited)",
					"@executable_path/Frameworks",
					"@loader_path/Frameworks",
				);
				PRODUCT_BUNDLE_IDENTIFIER = com.JustinStanger.QuestLifeTests;
				PRODUCT_NAME = "$(TARGET_NAME)";
				SWIFT_VERSION = 4.0;
				TARGETED_DEVICE_FAMILY = "1,2";
				TEST_HOST = "$(BUILT_PRODUCTS_DIR)/QuestLife.app/QuestLife";
			};
			name = Release;
		};
		66F509CF209BEB8A00579008 /* Debug */ = {
			isa = XCBuildConfiguration;
			baseConfigurationReference = A0750FE31821BA1DA1AA879E /* Pods-QuestLifeUITests.debug.xcconfig */;
			buildSettings = {
				ALWAYS_EMBED_SWIFT_STANDARD_LIBRARIES = YES;
				CODE_SIGN_STYLE = Automatic;
				DEVELOPMENT_TEAM = SVHZ5AR89V;
				INFOPLIST_FILE = QuestLifeUITests/Info.plist;
				LD_RUNPATH_SEARCH_PATHS = (
					"$(inherited)",
					"@executable_path/Frameworks",
					"@loader_path/Frameworks",
				);
				PRODUCT_BUNDLE_IDENTIFIER = com.JustinStanger.QuestLifeUITests;
				PRODUCT_NAME = "$(TARGET_NAME)";
				SWIFT_VERSION = 4.0;
				TARGETED_DEVICE_FAMILY = "1,2";
				TEST_TARGET_NAME = QuestLife;
			};
			name = Debug;
		};
		66F509D0209BEB8A00579008 /* Release */ = {
			isa = XCBuildConfiguration;
			baseConfigurationReference = 0334CEEF6506072A58564FD2 /* Pods-QuestLifeUITests.release.xcconfig */;
			buildSettings = {
				ALWAYS_EMBED_SWIFT_STANDARD_LIBRARIES = YES;
				CODE_SIGN_STYLE = Automatic;
				DEVELOPMENT_TEAM = SVHZ5AR89V;
				INFOPLIST_FILE = QuestLifeUITests/Info.plist;
				LD_RUNPATH_SEARCH_PATHS = (
					"$(inherited)",
					"@executable_path/Frameworks",
					"@loader_path/Frameworks",
				);
				PRODUCT_BUNDLE_IDENTIFIER = com.JustinStanger.QuestLifeUITests;
				PRODUCT_NAME = "$(TARGET_NAME)";
				SWIFT_VERSION = 4.0;
				TARGETED_DEVICE_FAMILY = "1,2";
				TEST_TARGET_NAME = QuestLife;
			};
			name = Release;
		};
/* End XCBuildConfiguration section */

/* Begin XCConfigurationList section */
		66F5099B209BEB8700579008 /* Build configuration list for PBXProject "QuestLife" */ = {
			isa = XCConfigurationList;
			buildConfigurations = (
				66F509C6209BEB8A00579008 /* Debug */,
				66F509C7209BEB8A00579008 /* Release */,
			);
			defaultConfigurationIsVisible = 0;
			defaultConfigurationName = Release;
		};
		66F509C8209BEB8A00579008 /* Build configuration list for PBXNativeTarget "QuestLife" */ = {
			isa = XCConfigurationList;
			buildConfigurations = (
				66F509C9209BEB8A00579008 /* Debug */,
				66F509CA209BEB8A00579008 /* Release */,
			);
			defaultConfigurationIsVisible = 0;
			defaultConfigurationName = Release;
		};
		66F509CB209BEB8A00579008 /* Build configuration list for PBXNativeTarget "QuestLifeTests" */ = {
			isa = XCConfigurationList;
			buildConfigurations = (
				66F509CC209BEB8A00579008 /* Debug */,
				66F509CD209BEB8A00579008 /* Release */,
			);
			defaultConfigurationIsVisible = 0;
			defaultConfigurationName = Release;
		};
		66F509CE209BEB8A00579008 /* Build configuration list for PBXNativeTarget "QuestLifeUITests" */ = {
			isa = XCConfigurationList;
			buildConfigurations = (
				66F509CF209BEB8A00579008 /* Debug */,
				66F509D0209BEB8A00579008 /* Release */,
			);
			defaultConfigurationIsVisible = 0;
			defaultConfigurationName = Release;
		};
/* End XCConfigurationList section */
	};
	rootObject = 66F50998209BEB8700579008 /* Project object */;
}
